// !$*UTF8*$!
{
	archiveVersion = 1;
	classes = {
	};
	objectVersion = 55;
	objects = {

/* Begin PBXBuildFile section */
		B8B4D58D2C184F2B000FA06D /* MedicationRemainderApp.swift in Sources */ = {isa = PBXBuildFile; fileRef = B8B4D58C2C184F2B000FA06D /* MedicationRemainderApp.swift */; };
		B8B4D58F2C184F2B000FA06D /* ContentView.swift in Sources */ = {isa = PBXBuildFile; fileRef = B8B4D58E2C184F2B000FA06D /* ContentView.swift */; };
		B8B4D5912C184F2D000FA06D /* Assets.xcassets in Resources */ = {isa = PBXBuildFile; fileRef = B8B4D5902C184F2D000FA06D /* Assets.xcassets */; };
		B8B4D5942C184F2D000FA06D /* Preview Assets.xcassets in Resources */ = {isa = PBXBuildFile; fileRef = B8B4D5932C184F2D000FA06D /* Preview Assets.xcassets */; };
		B8B4D59E2C184F2D000FA06D /* MedicationRemainderTests.swift in Sources */ = {isa = PBXBuildFile; fileRef = B8B4D59D2C184F2D000FA06D /* MedicationRemainderTests.swift */; };
		B8B4D5A82C184F2D000FA06D /* MedicationRemainderUITests.swift in Sources */ = {isa = PBXBuildFile; fileRef = B8B4D5A72C184F2D000FA06D /* MedicationRemainderUITests.swift */; };
		B8B4D5AA2C184F2D000FA06D /* MedicationRemainderUITestsLaunchTests.swift in Sources */ = {isa = PBXBuildFile; fileRef = B8B4D5A92C184F2D000FA06D /* MedicationRemainderUITestsLaunchTests.swift */; };
		B8B4D5C32C18528A000FA06D /* RemainderStore.swift in Sources */ = {isa = PBXBuildFile; fileRef = B8B4D5C22C18528A000FA06D /* RemainderStore.swift */; };
		B8B4D5C52C1852D3000FA06D /* RemainderInteractionManager.swift in Sources */ = {isa = PBXBuildFile; fileRef = B8B4D5C42C1852D3000FA06D /* RemainderInteractionManager.swift */; };
		B8B66D302C199AC50080A132 /* MainView.swift in Sources */ = {isa = PBXBuildFile; fileRef = B8B66D2F2C199AC50080A132 /* MainView.swift */; };
/* End PBXBuildFile section */

/* Begin PBXContainerItemProxy section */
		B8B4D59A2C184F2D000FA06D /* PBXContainerItemProxy */ = {
			isa = PBXContainerItemProxy;
			containerPortal = B8B4D5812C184F2B000FA06D /* Project object */;
			proxyType = 1;
			remoteGlobalIDString = B8B4D5882C184F2B000FA06D;
			remoteInfo = MedicationRemainder;
		};
		B8B4D5A42C184F2D000FA06D /* PBXContainerItemProxy */ = {
			isa = PBXContainerItemProxy;
			containerPortal = B8B4D5812C184F2B000FA06D /* Project object */;
			proxyType = 1;
			remoteGlobalIDString = B8B4D5882C184F2B000FA06D;
			remoteInfo = MedicationRemainder;
		};
/* End PBXContainerItemProxy section */

/* Begin PBXFileReference section */
		B8B4D5892C184F2B000FA06D /* MedicationRemainder.app */ = {isa = PBXFileReference; explicitFileType = wrapper.application; includeInIndex = 0; path = MedicationRemainder.app; sourceTree = BUILT_PRODUCTS_DIR; };
		B8B4D58C2C184F2B000FA06D /* MedicationRemainderApp.swift */ = {isa = PBXFileReference; lastKnownFileType = sourcecode.swift; path = MedicationRemainderApp.swift; sourceTree = "<group>"; };
		B8B4D58E2C184F2B000FA06D /* ContentView.swift */ = {isa = PBXFileReference; lastKnownFileType = sourcecode.swift; path = ContentView.swift; sourceTree = "<group>"; };
		B8B4D5902C184F2D000FA06D /* Assets.xcassets */ = {isa = PBXFileReference; lastKnownFileType = folder.assetcatalog; path = Assets.xcassets; sourceTree = "<group>"; };
		B8B4D5932C184F2D000FA06D /* Preview Assets.xcassets */ = {isa = PBXFileReference; lastKnownFileType = folder.assetcatalog; path = "Preview Assets.xcassets"; sourceTree = "<group>"; };
		B8B4D5992C184F2D000FA06D /* MedicationRemainderTests.xctest */ = {isa = PBXFileReference; explicitFileType = wrapper.cfbundle; includeInIndex = 0; path = MedicationRemainderTests.xctest; sourceTree = BUILT_PRODUCTS_DIR; };
		B8B4D59D2C184F2D000FA06D /* MedicationRemainderTests.swift */ = {isa = PBXFileReference; lastKnownFileType = sourcecode.swift; path = MedicationRemainderTests.swift; sourceTree = "<group>"; };
		B8B4D5A32C184F2D000FA06D /* MedicationRemainderUITests.xctest */ = {isa = PBXFileReference; explicitFileType = wrapper.cfbundle; includeInIndex = 0; path = MedicationRemainderUITests.xctest; sourceTree = BUILT_PRODUCTS_DIR; };
		B8B4D5A72C184F2D000FA06D /* MedicationRemainderUITests.swift */ = {isa = PBXFileReference; lastKnownFileType = sourcecode.swift; path = MedicationRemainderUITests.swift; sourceTree = "<group>"; };
		B8B4D5A92C184F2D000FA06D /* MedicationRemainderUITestsLaunchTests.swift */ = {isa = PBXFileReference; lastKnownFileType = sourcecode.swift; path = MedicationRemainderUITestsLaunchTests.swift; sourceTree = "<group>"; };
		B8B4D5C22C18528A000FA06D /* RemainderStore.swift */ = {isa = PBXFileReference; lastKnownFileType = sourcecode.swift; path = RemainderStore.swift; sourceTree = "<group>"; };
		B8B4D5C42C1852D3000FA06D /* RemainderInteractionManager.swift */ = {isa = PBXFileReference; lastKnownFileType = sourcecode.swift; path = RemainderInteractionManager.swift; sourceTree = "<group>"; };
		B8B66D2F2C199AC50080A132 /* MainView.swift */ = {isa = PBXFileReference; lastKnownFileType = sourcecode.swift; path = MainView.swift; sourceTree = "<group>"; };
/* End PBXFileReference section */

/* Begin PBXFrameworksBuildPhase section */
		B8B4D5862C184F2B000FA06D /* Frameworks */ = {
			isa = PBXFrameworksBuildPhase;
			buildActionMask = 2147483647;
			files = (
			);
			runOnlyForDeploymentPostprocessing = 0;
		};
		B8B4D5962C184F2D000FA06D /* Frameworks */ = {
			isa = PBXFrameworksBuildPhase;
			buildActionMask = 2147483647;
			files = (
			);
			runOnlyForDeploymentPostprocessing = 0;
		};
		B8B4D5A02C184F2D000FA06D /* Frameworks */ = {
			isa = PBXFrameworksBuildPhase;
			buildActionMask = 2147483647;
			files = (
			);
			runOnlyForDeploymentPostprocessing = 0;
		};
/* End PBXFrameworksBuildPhase section */

/* Begin PBXGroup section */
		B8B4D5802C184F2B000FA06D = {
			isa = PBXGroup;
			children = (
				B8B4D58B2C184F2B000FA06D /* MedicationRemainder */,
				B8B4D59C2C184F2D000FA06D /* MedicationRemainderTests */,
				B8B4D5A62C184F2D000FA06D /* MedicationRemainderUITests */,
				B8B4D58A2C184F2B000FA06D /* Products */,
			);
			sourceTree = "<group>";
		};
		B8B4D58A2C184F2B000FA06D /* Products */ = {
			isa = PBXGroup;
			children = (
				B8B4D5892C184F2B000FA06D /* MedicationRemainder.app */,
				B8B4D5992C184F2D000FA06D /* MedicationRemainderTests.xctest */,
				B8B4D5A32C184F2D000FA06D /* MedicationRemainderUITests.xctest */,
			);
			name = Products;
			sourceTree = "<group>";
		};
		B8B4D58B2C184F2B000FA06D /* MedicationRemainder */ = {
			isa = PBXGroup;
			children = (
				B8B4D58C2C184F2B000FA06D /* MedicationRemainderApp.swift */,
				B8B4D5C42C1852D3000FA06D /* RemainderInteractionManager.swift */,
				B8B4D5C22C18528A000FA06D /* RemainderStore.swift */,
				B8B4D58E2C184F2B000FA06D /* ContentView.swift */,
				B8B66D2F2C199AC50080A132 /* MainView.swift */,
				B8B4D5902C184F2D000FA06D /* Assets.xcassets */,
				B8B4D5922C184F2D000FA06D /* Preview Content */,
			);
			path = MedicationRemainder;
			sourceTree = "<group>";
		};
		B8B4D5922C184F2D000FA06D /* Preview Content */ = {
			isa = PBXGroup;
			children = (
				B8B4D5932C184F2D000FA06D /* Preview Assets.xcassets */,
			);
			path = "Preview Content";
			sourceTree = "<group>";
		};
		B8B4D59C2C184F2D000FA06D /* MedicationRemainderTests */ = {
			isa = PBXGroup;
			children = (
				B8B4D59D2C184F2D000FA06D /* MedicationRemainderTests.swift */,
			);
			path = MedicationRemainderTests;
			sourceTree = "<group>";
		};
		B8B4D5A62C184F2D000FA06D /* MedicationRemainderUITests */ = {
			isa = PBXGroup;
			children = (
				B8B4D5A72C184F2D000FA06D /* MedicationRemainderUITests.swift */,
				B8B4D5A92C184F2D000FA06D /* MedicationRemainderUITestsLaunchTests.swift */,
			);
			path = MedicationRemainderUITests;
			sourceTree = "<group>";
		};
/* End PBXGroup section */

/* Begin PBXNativeTarget section */
		B8B4D5882C184F2B000FA06D /* MedicationRemainder */ = {
			isa = PBXNativeTarget;
			buildConfigurationList = B8B4D5AD2C184F2D000FA06D /* Build configuration list for PBXNativeTarget "MedicationRemainder" */;
			buildPhases = (
				B8B4D5852C184F2B000FA06D /* Sources */,
				B8B4D5862C184F2B000FA06D /* Frameworks */,
				B8B4D5872C184F2B000FA06D /* Resources */,
			);
			buildRules = (
			);
			dependencies = (
			);
			name = MedicationRemainder;
			productName = MedicationRemainder;
			productReference = B8B4D5892C184F2B000FA06D /* MedicationRemainder.app */;
			productType = "com.apple.product-type.application";
		};
		B8B4D5982C184F2D000FA06D /* MedicationRemainderTests */ = {
			isa = PBXNativeTarget;
			buildConfigurationList = B8B4D5B02C184F2D000FA06D /* Build configuration list for PBXNativeTarget "MedicationRemainderTests" */;
			buildPhases = (
				B8B4D5952C184F2D000FA06D /* Sources */,
				B8B4D5962C184F2D000FA06D /* Frameworks */,
				B8B4D5972C184F2D000FA06D /* Resources */,
			);
			buildRules = (
			);
			dependencies = (
				B8B4D59B2C184F2D000FA06D /* PBXTargetDependency */,
			);
			name = MedicationRemainderTests;
			productName = MedicationRemainderTests;
			productReference = B8B4D5992C184F2D000FA06D /* MedicationRemainderTests.xctest */;
			productType = "com.apple.product-type.bundle.unit-test";
		};
		B8B4D5A22C184F2D000FA06D /* MedicationRemainderUITests */ = {
			isa = PBXNativeTarget;
			buildConfigurationList = B8B4D5B32C184F2D000FA06D /* Build configuration list for PBXNativeTarget "MedicationRemainderUITests" */;
			buildPhases = (
				B8B4D59F2C184F2D000FA06D /* Sources */,
				B8B4D5A02C184F2D000FA06D /* Frameworks */,
				B8B4D5A12C184F2D000FA06D /* Resources */,
			);
			buildRules = (
			);
			dependencies = (
				B8B4D5A52C184F2D000FA06D /* PBXTargetDependency */,
			);
			name = MedicationRemainderUITests;
			productName = MedicationRemainderUITests;
			productReference = B8B4D5A32C184F2D000FA06D /* MedicationRemainderUITests.xctest */;
			productType = "com.apple.product-type.bundle.ui-testing";
		};
/* End PBXNativeTarget section */

/* Begin PBXProject section */
		B8B4D5812C184F2B000FA06D /* Project object */ = {
			isa = PBXProject;
			attributes = {
				BuildIndependentTargetsInParallel = 1;
				LastSwiftUpdateCheck = 1320;
				LastUpgradeCheck = 1320;
				TargetAttributes = {
					B8B4D5882C184F2B000FA06D = {
						CreatedOnToolsVersion = 13.2;
					};
					B8B4D5982C184F2D000FA06D = {
						CreatedOnToolsVersion = 13.2;
						TestTargetID = B8B4D5882C184F2B000FA06D;
					};
					B8B4D5A22C184F2D000FA06D = {
						CreatedOnToolsVersion = 13.2;
						TestTargetID = B8B4D5882C184F2B000FA06D;
					};
				};
			};
			buildConfigurationList = B8B4D5842C184F2B000FA06D /* Build configuration list for PBXProject "MedicationRemainder" */;
			compatibilityVersion = "Xcode 13.0";
			developmentRegion = en;
			hasScannedForEncodings = 0;
			knownRegions = (
				en,
				Base,
			);
			mainGroup = B8B4D5802C184F2B000FA06D;
			productRefGroup = B8B4D58A2C184F2B000FA06D /* Products */;
			projectDirPath = "";
			projectRoot = "";
			targets = (
				B8B4D5882C184F2B000FA06D /* MedicationRemainder */,
				B8B4D5982C184F2D000FA06D /* MedicationRemainderTests */,
				B8B4D5A22C184F2D000FA06D /* MedicationRemainderUITests */,
			);
		};
/* End PBXProject section */

/* Begin PBXResourcesBuildPhase section */
		B8B4D5872C184F2B000FA06D /* Resources */ = {
			isa = PBXResourcesBuildPhase;
			buildActionMask = 2147483647;
			files = (
				B8B4D5942C184F2D000FA06D /* Preview Assets.xcassets in Resources */,
				B8B4D5912C184F2D000FA06D /* Assets.xcassets in Resources */,
			);
			runOnlyForDeploymentPostprocessing = 0;
		};
		B8B4D5972C184F2D000FA06D /* Resources */ = {
			isa = PBXResourcesBuildPhase;
			buildActionMask = 2147483647;
			files = (
			);
			runOnlyForDeploymentPostprocessing = 0;
		};
		B8B4D5A12C184F2D000FA06D /* Resources */ = {
			isa = PBXResourcesBuildPhase;
			buildActionMask = 2147483647;
			files = (
			);
			runOnlyForDeploymentPostprocessing = 0;
		};
/* End PBXResourcesBuildPhase section */

/* Begin PBXSourcesBuildPhase section */
		B8B4D5852C184F2B000FA06D /* Sources */ = {
			isa = PBXSourcesBuildPhase;
			buildActionMask = 2147483647;
			files = (
				B8B4D58F2C184F2B000FA06D /* ContentView.swift in Sources */,
				B8B4D5C52C1852D3000FA06D /* RemainderInteractionManager.swift in Sources */,
				B8B4D5C32C18528A000FA06D /* RemainderStore.swift in Sources */,
				B8B66D302C199AC50080A132 /* MainView.swift in Sources */,
				B8B4D58D2C184F2B000FA06D /* MedicationRemainderApp.swift in Sources */,
			);
			runOnlyForDeploymentPostprocessing = 0;
		};
		B8B4D5952C184F2D000FA06D /* Sources */ = {
			isa = PBXSourcesBuildPhase;
			buildActionMask = 2147483647;
			files = (
				B8B4D59E2C184F2D000FA06D /* MedicationRemainderTests.swift in Sources */,
			);
			runOnlyForDeploymentPostprocessing = 0;
		};
		B8B4D59F2C184F2D000FA06D /* Sources */ = {
			isa = PBXSourcesBuildPhase;
			buildActionMask = 2147483647;
			files = (
				B8B4D5A82C184F2D000FA06D /* MedicationRemainderUITests.swift in Sources */,
				B8B4D5AA2C184F2D000FA06D /* MedicationRemainderUITestsLaunchTests.swift in Sources */,
			);
			runOnlyForDeploymentPostprocessing = 0;
		};
/* End PBXSourcesBuildPhase section */

/* Begin PBXTargetDependency section */
		B8B4D59B2C184F2D000FA06D /* PBXTargetDependency */ = {
			isa = PBXTargetDependency;
			target = B8B4D5882C184F2B000FA06D /* MedicationRemainder */;
			targetProxy = B8B4D59A2C184F2D000FA06D /* PBXContainerItemProxy */;
		};
		B8B4D5A52C184F2D000FA06D /* PBXTargetDependency */ = {
			isa = PBXTargetDependency;
			target = B8B4D5882C184F2B000FA06D /* MedicationRemainder */;
			targetProxy = B8B4D5A42C184F2D000FA06D /* PBXContainerItemProxy */;
		};
/* End PBXTargetDependency section */

/* Begin XCBuildConfiguration section */
		B8B4D5AB2C184F2D000FA06D /* Debug */ = {
			isa = XCBuildConfiguration;
			buildSettings = {
				ALWAYS_SEARCH_USER_PATHS = NO;
				CLANG_ANALYZER_NONNULL = YES;
				CLANG_ANALYZER_NUMBER_OBJECT_CONVERSION = YES_AGGRESSIVE;
				CLANG_CXX_LANGUAGE_STANDARD = "gnu++17";
				CLANG_CXX_LIBRARY = "libc++";
				CLANG_ENABLE_MODULES = YES;
				CLANG_ENABLE_OBJC_ARC = YES;
				CLANG_ENABLE_OBJC_WEAK = YES;
				CLANG_WARN_BLOCK_CAPTURE_AUTORELEASING = YES;
				CLANG_WARN_BOOL_CONVERSION = YES;
				CLANG_WARN_COMMA = YES;
				CLANG_WARN_CONSTANT_CONVERSION = YES;
				CLANG_WARN_DEPRECATED_OBJC_IMPLEMENTATIONS = YES;
				CLANG_WARN_DIRECT_OBJC_ISA_USAGE = YES_ERROR;
				CLANG_WARN_DOCUMENTATION_COMMENTS = YES;
				CLANG_WARN_EMPTY_BODY = YES;
				CLANG_WARN_ENUM_CONVERSION = YES;
				CLANG_WARN_INFINITE_RECURSION = YES;
				CLANG_WARN_INT_CONVERSION = YES;
				CLANG_WARN_NON_LITERAL_NULL_CONVERSION = YES;
				CLANG_WARN_OBJC_IMPLICIT_RETAIN_SELF = YES;
				CLANG_WARN_OBJC_LITERAL_CONVERSION = YES;
				CLANG_WARN_OBJC_ROOT_CLASS = YES_ERROR;
				CLANG_WARN_QUOTED_INCLUDE_IN_FRAMEWORK_HEADER = YES;
				CLANG_WARN_RANGE_LOOP_ANALYSIS = YES;
				CLANG_WARN_STRICT_PROTOTYPES = YES;
				CLANG_WARN_SUSPICIOUS_MOVE = YES;
				CLANG_WARN_UNGUARDED_AVAILABILITY = YES_AGGRESSIVE;
				CLANG_WARN_UNREACHABLE_CODE = YES;
				CLANG_WARN__DUPLICATE_METHOD_MATCH = YES;
				COPY_PHASE_STRIP = NO;
				DEBUG_INFORMATION_FORMAT = dwarf;
				ENABLE_STRICT_OBJC_MSGSEND = YES;
				ENABLE_TESTABILITY = YES;
				GCC_C_LANGUAGE_STANDARD = gnu11;
				GCC_DYNAMIC_NO_PIC = NO;
				GCC_NO_COMMON_BLOCKS = YES;
				GCC_OPTIMIZATION_LEVEL = 0;
				GCC_PREPROCESSOR_DEFINITIONS = (
					"DEBUG=1",
					"$(inherited)",
				);
				GCC_WARN_64_TO_32_BIT_CONVERSION = YES;
				GCC_WARN_ABOUT_RETURN_TYPE = YES_ERROR;
				GCC_WARN_UNDECLARED_SELECTOR = YES;
				GCC_WARN_UNINITIALIZED_AUTOS = YES_AGGRESSIVE;
				GCC_WARN_UNUSED_FUNCTION = YES;
				GCC_WARN_UNUSED_VARIABLE = YES;
				IPHONEOS_DEPLOYMENT_TARGET = 15.2;
				MTL_ENABLE_DEBUG_INFO = INCLUDE_SOURCE;
				MTL_FAST_MATH = YES;
				ONLY_ACTIVE_ARCH = YES;
				SDKROOT = iphoneos;
				SWIFT_ACTIVE_COMPILATION_CONDITIONS = DEBUG;
				SWIFT_OPTIMIZATION_LEVEL = "-Onone";
			};
			name = Debug;
		};
		B8B4D5AC2C184F2D000FA06D /* Release */ = {
			isa = XCBuildConfiguration;
			buildSettings = {
				ALWAYS_SEARCH_USER_PATHS = NO;
				CLANG_ANALYZER_NONNULL = YES;
				CLANG_ANALYZER_NUMBER_OBJECT_CONVERSION = YES_AGGRESSIVE;
				CLANG_CXX_LANGUAGE_STANDARD = "gnu++17";
				CLANG_CXX_LIBRARY = "libc++";
				CLANG_ENABLE_MODULES = YES;
				CLANG_ENABLE_OBJC_ARC = YES;
				CLANG_ENABLE_OBJC_WEAK = YES;
				CLANG_WARN_BLOCK_CAPTURE_AUTORELEASING = YES;
				CLANG_WARN_BOOL_CONVERSION = YES;
				CLANG_WARN_COMMA = YES;
				CLANG_WARN_CONSTANT_CONVERSION = YES;
				CLANG_WARN_DEPRECATED_OBJC_IMPLEMENTATIONS = YES;
				CLANG_WARN_DIRECT_OBJC_ISA_USAGE = YES_ERROR;
				CLANG_WARN_DOCUMENTATION_COMMENTS = YES;
				CLANG_WARN_EMPTY_BODY = YES;
				CLANG_WARN_ENUM_CONVERSION = YES;
				CLANG_WARN_INFINITE_RECURSION = YES;
				CLANG_WARN_INT_CONVERSION = YES;
				CLANG_WARN_NON_LITERAL_NULL_CONVERSION = YES;
				CLANG_WARN_OBJC_IMPLICIT_RETAIN_SELF = YES;
				CLANG_WARN_OBJC_LITERAL_CONVERSION = YES;
				CLANG_WARN_OBJC_ROOT_CLASS = YES_ERROR;
				CLANG_WARN_QUOTED_INCLUDE_IN_FRAMEWORK_HEADER = YES;
				CLANG_WARN_RANGE_LOOP_ANALYSIS = YES;
				CLANG_WARN_STRICT_PROTOTYPES = YES;
				CLANG_WARN_SUSPICIOUS_MOVE = YES;
				CLANG_WARN_UNGUARDED_AVAILABILITY = YES_AGGRESSIVE;
				CLANG_WARN_UNREACHABLE_CODE = YES;
				CLANG_WARN__DUPLICATE_METHOD_MATCH = YES;
				COPY_PHASE_STRIP = NO;
				DEBUG_INFORMATION_FORMAT = "dwarf-with-dsym";
				ENABLE_NS_ASSERTIONS = NO;
				ENABLE_STRICT_OBJC_MSGSEND = YES;
				GCC_C_LANGUAGE_STANDARD = gnu11;
				GCC_NO_COMMON_BLOCKS = YES;
				GCC_WARN_64_TO_32_BIT_CONVERSION = YES;
				GCC_WARN_ABOUT_RETURN_TYPE = YES_ERROR;
				GCC_WARN_UNDECLARED_SELECTOR = YES;
				GCC_WARN_UNINITIALIZED_AUTOS = YES_AGGRESSIVE;
				GCC_WARN_UNUSED_FUNCTION = YES;
				GCC_WARN_UNUSED_VARIABLE = YES;
				IPHONEOS_DEPLOYMENT_TARGET = 15.2;
				MTL_ENABLE_DEBUG_INFO = NO;
				MTL_FAST_MATH = YES;
				SDKROOT = iphoneos;
				SWIFT_COMPILATION_MODE = wholemodule;
				SWIFT_OPTIMIZATION_LEVEL = "-O";
				VALIDATE_PRODUCT = YES;
			};
			name = Release;
		};
		B8B4D5AE2C184F2D000FA06D /* Debug */ = {
			isa = XCBuildConfiguration;
			buildSettings = {
				ASSETCATALOG_COMPILER_APPICON_NAME = AppIcon;
				ASSETCATALOG_COMPILER_GLOBAL_ACCENT_COLOR_NAME = AccentColor;
				CODE_SIGN_STYLE = Automatic;
				CURRENT_PROJECT_VERSION = 1;
				DEVELOPMENT_ASSET_PATHS = "\"MedicationRemainder/Preview Content\"";
				ENABLE_PREVIEWS = YES;
				GENERATE_INFOPLIST_FILE = YES;
				INFOPLIST_KEY_UIApplicationSceneManifest_Generation = YES;
				INFOPLIST_KEY_UIApplicationSupportsIndirectInputEvents = YES;
				INFOPLIST_KEY_UILaunchScreen_Generation = YES;
				INFOPLIST_KEY_UISupportedInterfaceOrientations_iPad = "UIInterfaceOrientationPortrait UIInterfaceOrientationPortraitUpsideDown UIInterfaceOrientationLandscapeLeft UIInterfaceOrientationLandscapeRight";
				INFOPLIST_KEY_UISupportedInterfaceOrientations_iPhone = "UIInterfaceOrientationPortrait UIInterfaceOrientationLandscapeLeft UIInterfaceOrientationLandscapeRight";
				LD_RUNPATH_SEARCH_PATHS = (
					"$(inherited)",
					"@executable_path/Frameworks",
				);
				MARKETING_VERSION = 1.0;
				PRODUCT_BUNDLE_IDENTIFIER = test.MedicationRemainder;
				PRODUCT_NAME = "$(TARGET_NAME)";
				SWIFT_EMIT_LOC_STRINGS = YES;
				SWIFT_VERSION = 5.0;
				TARGETED_DEVICE_FAMILY = "1,2";
			};
			name = Debug;
		};
		B8B4D5AF2C184F2D000FA06D /* Release */ = {
			isa = XCBuildConfiguration;
			buildSettings = {
				ASSETCATALOG_COMPILER_APPICON_NAME = AppIcon;
				ASSETCATALOG_COMPILER_GLOBAL_ACCENT_COLOR_NAME = AccentColor;
				CODE_SIGN_STYLE = Automatic;
				CURRENT_PROJECT_VERSION = 1;
				DEVELOPMENT_ASSET_PATHS = "\"MedicationRemainder/Preview Content\"";
				ENABLE_PREVIEWS = YES;
				GENERATE_INFOPLIST_FILE = YES;
				INFOPLIST_KEY_UIApplicationSceneManifest_Generation = YES;
				INFOPLIST_KEY_UIApplicationSupportsIndirectInputEvents = YES;
				INFOPLIST_KEY_UILaunchScreen_Generation = YES;
				INFOPLIST_KEY_UISupportedInterfaceOrientations_iPad = "UIInterfaceOrientationPortrait UIInterfaceOrientationPortraitUpsideDown UIInterfaceOrientationLandscapeLeft UIInterfaceOrientationLandscapeRight";
				INFOPLIST_KEY_UISupportedInterfaceOrientations_iPhone = "UIInterfaceOrientationPortrait UIInterfaceOrientationLandscapeLeft UIInterfaceOrientationLandscapeRight";
				LD_RUNPATH_SEARCH_PATHS = (
					"$(inherited)",
					"@executable_path/Frameworks",
				);
				MARKETING_VERSION = 1.0;
				PRODUCT_BUNDLE_IDENTIFIER = test.MedicationRemainder;
				PRODUCT_NAME = "$(TARGET_NAME)";
				SWIFT_EMIT_LOC_STRINGS = YES;
				SWIFT_VERSION = 5.0;
				TARGETED_DEVICE_FAMILY = "1,2";
			};
			name = Release;
		};
		B8B4D5B12C184F2D000FA06D /* Debug */ = {
			isa = XCBuildConfiguration;
			buildSettings = {
				ALWAYS_EMBED_SWIFT_STANDARD_LIBRARIES = YES;
				BUNDLE_LOADER = "$(TEST_HOST)";
				CODE_SIGN_STYLE = Automatic;
				CURRENT_PROJECT_VERSION = 1;
				GENERATE_INFOPLIST_FILE = YES;
				IPHONEOS_DEPLOYMENT_TARGET = 15.2;
				MARKETING_VERSION = 1.0;
				PRODUCT_BUNDLE_IDENTIFIER = test.MedicationRemainderTests;
				PRODUCT_NAME = "$(TARGET_NAME)";
				SWIFT_EMIT_LOC_STRINGS = NO;
				SWIFT_VERSION = 5.0;
				TARGETED_DEVICE_FAMILY = "1,2";
				TEST_HOST = "$(BUILT_PRODUCTS_DIR)/MedicationRemainder.app/MedicationRemainder";
			};
			name = Debug;
		};
		B8B4D5B22C184F2D000FA06D /* Release */ = {
			isa = XCBuildConfiguration;
			buildSettings = {
				ALWAYS_EMBED_SWIFT_STANDARD_LIBRARIES = YES;
				BUNDLE_LOADER = "$(TEST_HOST)";
				CODE_SIGN_STYLE = Automatic;
				CURRENT_PROJECT_VERSION = 1;
				GENERATE_INFOPLIST_FILE = YES;
				IPHONEOS_DEPLOYMENT_TARGET = 15.2;
				MARKETING_VERSION = 1.0;
				PRODUCT_BUNDLE_IDENTIFIER = test.MedicationRemainderTests;
				PRODUCT_NAME = "$(TARGET_NAME)";
				SWIFT_EMIT_LOC_STRINGS = NO;
				SWIFT_VERSION = 5.0;
				TARGETED_DEVICE_FAMILY = "1,2";
				TEST_HOST = "$(BUILT_PRODUCTS_DIR)/MedicationRemainder.app/MedicationRemainder";
			};
			name = Release;
		};
		B8B4D5B42C184F2D000FA06D /* Debug */ = {
			isa = XCBuildConfiguration;
			buildSettings = {
				ALWAYS_EMBED_SWIFT_STANDARD_LIBRARIES = YES;
				CODE_SIGN_STYLE = Automatic;
				CURRENT_PROJECT_VERSION = 1;
				GENERATE_INFOPLIST_FILE = YES;
				MARKETING_VERSION = 1.0;
				PRODUCT_BUNDLE_IDENTIFIER = test.MedicationRemainderUITests;
				PRODUCT_NAME = "$(TARGET_NAME)";
				SWIFT_EMIT_LOC_STRINGS = NO;
				SWIFT_VERSION = 5.0;
				TARGETED_DEVICE_FAMILY = "1,2";
				TEST_TARGET_NAME = MedicationRemainder;
			};
			name = Debug;
		};
		B8B4D5B52C184F2D000FA06D /* Release */ = {
			isa = XCBuildConfiguration;
			buildSettings = {
				ALWAYS_EMBED_SWIFT_STANDARD_LIBRARIES = YES;
				CODE_SIGN_STYLE = Automatic;
				CURRENT_PROJECT_VERSION = 1;
				GENERATE_INFOPLIST_FILE = YES;
				MARKETING_VERSION = 1.0;
				PRODUCT_BUNDLE_IDENTIFIER = test.MedicationRemainderUITests;
				PRODUCT_NAME = "$(TARGET_NAME)";
				SWIFT_EMIT_LOC_STRINGS = NO;
				SWIFT_VERSION = 5.0;
				TARGETED_DEVICE_FAMILY = "1,2";
				TEST_TARGET_NAME = MedicationRemainder;
			};
			name = Release;
		};
/* End XCBuildConfiguration section */

/* Begin XCConfigurationList section */
		B8B4D5842C184F2B000FA06D /* Build configuration list for PBXProject "MedicationRemainder" */ = {
			isa = XCConfigurationList;
			buildConfigurations = (
				B8B4D5AB2C184F2D000FA06D /* Debug */,
				B8B4D5AC2C184F2D000FA06D /* Release */,
			);
			defaultConfigurationIsVisible = 0;
			defaultConfigurationName = Release;
		};
		B8B4D5AD2C184F2D000FA06D /* Build configuration list for PBXNativeTarget "MedicationRemainder" */ = {
			isa = XCConfigurationList;
			buildConfigurations = (
				B8B4D5AE2C184F2D000FA06D /* Debug */,
				B8B4D5AF2C184F2D000FA06D /* Release */,
			);
			defaultConfigurationIsVisible = 0;
			defaultConfigurationName = Release;
		};
		B8B4D5B02C184F2D000FA06D /* Build configuration list for PBXNativeTarget "MedicationRemainderTests" */ = {
			isa = XCConfigurationList;
			buildConfigurations = (
				B8B4D5B12C184F2D000FA06D /* Debug */,
				B8B4D5B22C184F2D000FA06D /* Release */,
			);
			defaultConfigurationIsVisible = 0;
			defaultConfigurationName = Release;
		};
		B8B4D5B32C184F2D000FA06D /* Build configuration list for PBXNativeTarget "MedicationRemainderUITests" */ = {
			isa = XCConfigurationList;
			buildConfigurations = (
				B8B4D5B42C184F2D000FA06D /* Debug */,
				B8B4D5B52C184F2D000FA06D /* Release */,
			);
			defaultConfigurationIsVisible = 0;
			defaultConfigurationName = Release;
		};
/* End XCConfigurationList section */
	};
	rootObject = B8B4D5812C184F2B000FA06D /* Project object */;
}
